{
  "name": "custom-selector",
  "version": "0.2.0",
  "lockfileVersion": 1,
  "requires": true,
  "dependencies": {
    "backed": {
      "version": "0.12.1",
      "resolved": "https://registry.npmjs.org/backed/-/backed-0.12.1.tgz",
      "integrity": "sha512-zHVlAs5lCfzNlTMmwl7FxgjDgYKz1HLQTQH6Z2LvOQofwABAOec9hF6OSZr2+ZWfb3akloAHBjWCqO0Uz1qh2A=="
    },
    "custom-select-mixins": {
      "version": "0.12.2",
      "resolved": "https://registry.npmjs.org/custom-select-mixins/-/custom-select-mixins-0.12.2.tgz",
      "integrity": "sha512-8SMDGY9Rrfd8RV4x8SgilSTKjaBZngIXfyVp8dJD3U5aqdazx/rC9gub6YevyaMx9TfLkyGlzcLlHkDdH4/iCw==",
      "requires": {
        "backed": "0.12.1"
      }
    }
  }
}
